Microsoft Visual Studio Solution File, Format Version 12.00
# Visual Studio 15
VisualStudioVersion = 15.0.27004.2009
MinimumVisualStudioVersion = 10.0.40219.1
Project("{9A19103F-16F7-4668-BE54-9A1E7A4F7556}") = "Com.PlatformServices.Common", "Com.PlatformServices.Common\Com.PlatformServices.Common.csproj", "{78633F80-226C-4158-BCEC-77BE5D555252}"
EndProject
Project("{E53339B2-1760-4266-BCC7-CA923CBCF16C}") = "docker-compose", "docker-compose.dcproj", "{0AB7492F-BFC5-4BC6-A01C-E688DE4C97BD}"
EndProject
Project("{9A19103F-16F7-4668-BE54-9A1E7A4F7556}") = "Com.PlatformServices.Logger", "Com.PlatformServices.Logger\Com.PlatformServices.Logger.csproj", "{F4560256-28D9-41EC-BA84-F8AF2EA682DE}"
EndProject
Project("{9A19103F-16F7-4668-BE54-9A1E7A4F7556}") = "Com.PlatformServices.Security", "Com.PlatformServices.Security\Com.PlatformServices.Security.csproj", "{032E3449-46E4-48B3-8711-3269B2198809}"
EndProject
Project("{9A19103F-16F7-4668-BE54-9A1E7A4F7556}") = "Com.PlatformServices.FileSystem", "Com.PlatformServices.FileSystem\Com.PlatformServices.FileSystem.csproj", "{5C68BBCF-53A5-4F8B-A459-D8484C91E20E}"
EndProject
Project("{9A19103F-16F7-4668-BE54-9A1E7A4F7556}") = "Com.PlatformServices.SystemSettings", "Com.PlatformServices.SystemSettings\Com.PlatformServices.SystemSettings.csproj", "{13964CC4-C9D4-49D2-B20B-0A0BD0C7CF94}"
EndProject
Project("{9A19103F-16F7-4668-BE54-9A1E7A4F7556}") = "Com.PlatformServices.Communication", "Com.PlatformServices.Communication\Com.PlatformServices.Communication.csproj", "{06F63B3F-7522-410C-A9D1-069F6749CD3B}"
EndProject
Project("{2150E333-8FDC-42A3-9474-1A3956D46DE8}") = "Common", "Common", "{D573965B-90EF-44F3-BC47-12CFE5919785}"
EndProject
Project("{2150E333-8FDC-42A3-9474-1A3956D46DE8}") = "WebAPIs", "WebAPIs", "{41648DB0-1BA1-4A14-AB7C-D65791F0B321}"
EndProject
Project("{2150E333-8FDC-42A3-9474-1A3956D46DE8}") = "UserInterface", "UserInterface", "{391D19BB-30C9-4F56-A1E4-761EE83574C6}"
EndProject
Project("{9A19103F-16F7-4668-BE54-9A1E7A4F7556}") = "Com.PlatformServices.ApplicationRepository", "Com.PlatformServices.ApplicationRepository\Com.PlatformServices.ApplicationRepository.csproj", "{E4FDE941-EB8B-43C7-8303-7EE863797538}"
EndProject
Project("{FAE04EC0-301F-11D3-BF4B-00C04F79EFBC}") = "development_environment", "docker_development_environment\development_environment.csproj", "{6172F550-E384-49EE-858C-8CCDD568F2D1}"
EndProject
Project("{9A19103F-16F7-4668-BE54-9A1E7A4F7556}") = "Com.PlatformServices.ApplicationUser", "Com.PlatformServices.ApplicationUser\Com.PlatformServices.ApplicationUser.csproj", "{3EF4CE57-B4B3-475A-8561-F663DD230227}"
EndProject
Project("{2150E333-8FDC-42A3-9474-1A3956D46DE8}") = "App", "App", "{F0884279-EC88-4765-9966-9716759003BC}"
EndProject
Project("{9A19103F-16F7-4668-BE54-9A1E7A4F7556}") = "Com.GenericPlatform.WebApp", "Com.GenericPlatform.WebApp\Com.GenericPlatform.WebApp.csproj", "{B3A646D9-E1D9-45B6-9A25-E7C06E50E8E6}"
EndProject
Project("{9A19103F-16F7-4668-BE54-9A1E7A4F7556}") = "Com.GenericPlatform.Services", "Com.GenericPlatform.Services\Com.GenericPlatform.Services.csproj", "{1F87A206-B1B8-464C-903B-6E6897B95749}"
EndProject
Project("{9A19103F-16F7-4668-BE54-9A1E7A4F7556}") = "Com.EzTender.Repository", "Com.EzTender.Repository\Com.EzTender.Repository.csproj", "{C9EC2992-6AC6-4AA2-8828-87E085808652}"
EndProject
Project("{9A19103F-16F7-4668-BE54-9A1E7A4F7556}") = "Com.EzTender.DataModel", "Com.EzTender.DataModel\Com.EzTender.DataModel.csproj", "{CD591E15-E42C-42AB-A7F0-17BAA5FFAC09}"
EndProject
Project("{9A19103F-16F7-4668-BE54-9A1E7A4F7556}") = "Com.EzTender.Common", "Com.EzTender.Common\Com.EzTender.Common.csproj", "{336D6925-95C3-4492-9CE6-8532ACDBEAA1}"
EndProject
Project("{9A19103F-16F7-4668-BE54-9A1E7A4F7556}") = "Com.EzTender.ViewModels", "Com.EzTender.ViewModels\Com.EzTender.ViewModels.csproj", "{514FA33E-91FD-42C3-9F78-8406CFD62D33}"
EndProject
Project("{9A19103F-16F7-4668-BE54-9A1E7A4F7556}") = "Com.GenericPlatform.WebAdmin", "Com.GenericPlatform.WebAdmin\Com.GenericPlatform.WebAdmin.csproj", "{530C7202-253C-40B7-8215-08A5690B7235}"
EndProject
Project("{FAE04EC0-301F-11D3-BF4B-00C04F79EFBC}") = "Com.PlatformServices.BudgetMetal", "Com.PlatformServices.BudgetMetal\Com.PlatformServices.BudgetMetal.csproj", "{B2391EAF-01FA-42CD-8CFE-CF10220BBC82}"
EndProject
Global
	GlobalSection(SolutionConfigurationPlatforms) = preSolution
		Debug|Any CPU = Debug|Any CPU
		Default|Any CPU = Default|Any CPU
		Release|Any CPU = Release|Any CPU
	EndGlobalSection
	GlobalSection(ProjectConfigurationPlatforms) = postSolution
		{78633F80-226C-4158-BCEC-77BE5D555252}.Debug|Any CPU.ActiveCfg = Debug|Any CPU
		{78633F80-226C-4158-BCEC-77BE5D555252}.Debug|Any CPU.Build.0 = Debug|Any CPU
		{78633F80-226C-4158-BCEC-77BE5D555252}.Default|Any CPU.ActiveCfg = Debug|Any CPU
		{78633F80-226C-4158-BCEC-77BE5D555252}.Default|Any CPU.Build.0 = Debug|Any CPU
		{78633F80-226C-4158-BCEC-77BE5D555252}.Release|Any CPU.ActiveCfg = Release|Any CPU
		{78633F80-226C-4158-BCEC-77BE5D555252}.Release|Any CPU.Build.0 = Release|Any CPU
		{0AB7492F-BFC5-4BC6-A01C-E688DE4C97BD}.Debug|Any CPU.ActiveCfg = Debug|Any CPU
		{0AB7492F-BFC5-4BC6-A01C-E688DE4C97BD}.Default|Any CPU.ActiveCfg = Debug|Any CPU
		{0AB7492F-BFC5-4BC6-A01C-E688DE4C97BD}.Default|Any CPU.Build.0 = Debug|Any CPU
		{0AB7492F-BFC5-4BC6-A01C-E688DE4C97BD}.Release|Any CPU.ActiveCfg = Release|Any CPU
		{0AB7492F-BFC5-4BC6-A01C-E688DE4C97BD}.Release|Any CPU.Build.0 = Release|Any CPU
		{F4560256-28D9-41EC-BA84-F8AF2EA682DE}.Debug|Any CPU.ActiveCfg = Debug|Any CPU
		{F4560256-28D9-41EC-BA84-F8AF2EA682DE}.Debug|Any CPU.Build.0 = Debug|Any CPU
		{F4560256-28D9-41EC-BA84-F8AF2EA682DE}.Default|Any CPU.ActiveCfg = Debug|Any CPU
		{F4560256-28D9-41EC-BA84-F8AF2EA682DE}.Default|Any CPU.Build.0 = Debug|Any CPU
		{F4560256-28D9-41EC-BA84-F8AF2EA682DE}.Release|Any CPU.ActiveCfg = Release|Any CPU
		{F4560256-28D9-41EC-BA84-F8AF2EA682DE}.Release|Any CPU.Build.0 = Release|Any CPU
		{032E3449-46E4-48B3-8711-3269B2198809}.Debug|Any CPU.ActiveCfg = Debug|Any CPU
		{032E3449-46E4-48B3-8711-3269B2198809}.Debug|Any CPU.Build.0 = Debug|Any CPU
		{032E3449-46E4-48B3-8711-3269B2198809}.Default|Any CPU.ActiveCfg = Debug|Any CPU
		{032E3449-46E4-48B3-8711-3269B2198809}.Default|Any CPU.Build.0 = Debug|Any CPU
		{032E3449-46E4-48B3-8711-3269B2198809}.Release|Any CPU.ActiveCfg = Release|Any CPU
		{032E3449-46E4-48B3-8711-3269B2198809}.Release|Any CPU.Build.0 = Release|Any CPU
		{5C68BBCF-53A5-4F8B-A459-D8484C91E20E}.Debug|Any CPU.ActiveCfg = Debug|Any CPU
		{5C68BBCF-53A5-4F8B-A459-D8484C91E20E}.Debug|Any CPU.Build.0 = Debug|Any CPU
		{5C68BBCF-53A5-4F8B-A459-D8484C91E20E}.Default|Any CPU.ActiveCfg = Debug|Any CPU
		{5C68BBCF-53A5-4F8B-A459-D8484C91E20E}.Default|Any CPU.Build.0 = Debug|Any CPU
		{5C68BBCF-53A5-4F8B-A459-D8484C91E20E}.Release|Any CPU.ActiveCfg = Release|Any CPU
		{5C68BBCF-53A5-4F8B-A459-D8484C91E20E}.Release|Any CPU.Build.0 = Release|Any CPU
		{13964CC4-C9D4-49D2-B20B-0A0BD0C7CF94}.Debug|Any CPU.ActiveCfg = Debug|Any CPU
		{13964CC4-C9D4-49D2-B20B-0A0BD0C7CF94}.Debug|Any CPU.Build.0 = Debug|Any CPU
		{13964CC4-C9D4-49D2-B20B-0A0BD0C7CF94}.Default|Any CPU.ActiveCfg = Debug|Any CPU
		{13964CC4-C9D4-49D2-B20B-0A0BD0C7CF94}.Default|Any CPU.Build.0 = Debug|Any CPU
		{13964CC4-C9D4-49D2-B20B-0A0BD0C7CF94}.Release|Any CPU.ActiveCfg = Release|Any CPU
		{13964CC4-C9D4-49D2-B20B-0A0BD0C7CF94}.Release|Any CPU.Build.0 = Release|Any CPU
		{06F63B3F-7522-410C-A9D1-069F6749CD3B}.Debug|Any CPU.ActiveCfg = Debug|Any CPU
		{06F63B3F-7522-410C-A9D1-069F6749CD3B}.Debug|Any CPU.Build.0 = Debug|Any CPU
		{06F63B3F-7522-410C-A9D1-069F6749CD3B}.Default|Any CPU.ActiveCfg = Debug|Any CPU
		{06F63B3F-7522-410C-A9D1-069F6749CD3B}.Default|Any CPU.Build.0 = Debug|Any CPU
		{06F63B3F-7522-410C-A9D1-069F6749CD3B}.Release|Any CPU.ActiveCfg = Release|Any CPU
		{06F63B3F-7522-410C-A9D1-069F6749CD3B}.Release|Any CPU.Build.0 = Release|Any CPU
		{E4FDE941-EB8B-43C7-8303-7EE863797538}.Debug|Any CPU.ActiveCfg = Debug|Any CPU
		{E4FDE941-EB8B-43C7-8303-7EE863797538}.Debug|Any CPU.Build.0 = Debug|Any CPU
		{E4FDE941-EB8B-43C7-8303-7EE863797538}.Default|Any CPU.ActiveCfg = Debug|Any CPU
		{E4FDE941-EB8B-43C7-8303-7EE863797538}.Default|Any CPU.Build.0 = Debug|Any CPU
		{E4FDE941-EB8B-43C7-8303-7EE863797538}.Release|Any CPU.ActiveCfg = Release|Any CPU
		{E4FDE941-EB8B-43C7-8303-7EE863797538}.Release|Any CPU.Build.0 = Release|Any CPU
		{6172F550-E384-49EE-858C-8CCDD568F2D1}.Debug|Any CPU.ActiveCfg = Debug|Any CPU
		{6172F550-E384-49EE-858C-8CCDD568F2D1}.Default|Any CPU.ActiveCfg = Debug|Any CPU
		{6172F550-E384-49EE-858C-8CCDD568F2D1}.Default|Any CPU.Build.0 = Debug|Any CPU
		{6172F550-E384-49EE-858C-8CCDD568F2D1}.Release|Any CPU.ActiveCfg = Release|Any CPU
		{6172F550-E384-49EE-858C-8CCDD568F2D1}.Release|Any CPU.Build.0 = Release|Any CPU
		{3EF4CE57-B4B3-475A-8561-F663DD230227}.Debug|Any CPU.ActiveCfg = Debug|Any CPU
		{3EF4CE57-B4B3-475A-8561-F663DD230227}.Debug|Any CPU.Build.0 = Debug|Any CPU
		{3EF4CE57-B4B3-475A-8561-F663DD230227}.Default|Any CPU.ActiveCfg = Debug|Any CPU
		{3EF4CE57-B4B3-475A-8561-F663DD230227}.Default|Any CPU.Build.0 = Debug|Any CPU
		{3EF4CE57-B4B3-475A-8561-F663DD230227}.Release|Any CPU.ActiveCfg = Release|Any CPU
		{3EF4CE57-B4B3-475A-8561-F663DD230227}.Release|Any CPU.Build.0 = Release|Any CPU
		{B3A646D9-E1D9-45B6-9A25-E7C06E50E8E6}.Debug|Any CPU.ActiveCfg = Debug|Any CPU
		{B3A646D9-E1D9-45B6-9A25-E7C06E50E8E6}.Debug|Any CPU.Build.0 = Debug|Any CPU
		{B3A646D9-E1D9-45B6-9A25-E7C06E50E8E6}.Default|Any CPU.ActiveCfg = Debug|Any CPU
		{B3A646D9-E1D9-45B6-9A25-E7C06E50E8E6}.Default|Any CPU.Build.0 = Debug|Any CPU
		{B3A646D9-E1D9-45B6-9A25-E7C06E50E8E6}.Release|Any CPU.ActiveCfg = Release|Any CPU
		{B3A646D9-E1D9-45B6-9A25-E7C06E50E8E6}.Release|Any CPU.Build.0 = Release|Any CPU
		{1F87A206-B1B8-464C-903B-6E6897B95749}.Debug|Any CPU.ActiveCfg = Debug|Any CPU
		{1F87A206-B1B8-464C-903B-6E6897B95749}.Debug|Any CPU.Build.0 = Debug|Any CPU
		{1F87A206-B1B8-464C-903B-6E6897B95749}.Default|Any CPU.ActiveCfg = Debug|Any CPU
		{1F87A206-B1B8-464C-903B-6E6897B95749}.Default|Any CPU.Build.0 = Debug|Any CPU
		{1F87A206-B1B8-464C-903B-6E6897B95749}.Release|Any CPU.ActiveCfg = Release|Any CPU
		{1F87A206-B1B8-464C-903B-6E6897B95749}.Release|Any CPU.Build.0 = Release|Any CPU
		{C9EC2992-6AC6-4AA2-8828-87E085808652}.Debug|Any CPU.ActiveCfg = Debug|Any CPU
		{C9EC2992-6AC6-4AA2-8828-87E085808652}.Debug|Any CPU.Build.0 = Debug|Any CPU
		{C9EC2992-6AC6-4AA2-8828-87E085808652}.Default|Any CPU.ActiveCfg = Debug|Any CPU
		{C9EC2992-6AC6-4AA2-8828-87E085808652}.Default|Any CPU.Build.0 = Debug|Any CPU
		{C9EC2992-6AC6-4AA2-8828-87E085808652}.Release|Any CPU.ActiveCfg = Release|Any CPU
		{C9EC2992-6AC6-4AA2-8828-87E085808652}.Release|Any CPU.Build.0 = Release|Any CPU
		{CD591E15-E42C-42AB-A7F0-17BAA5FFAC09}.Debug|Any CPU.ActiveCfg = Debug|Any CPU
		{CD591E15-E42C-42AB-A7F0-17BAA5FFAC09}.Debug|Any CPU.Build.0 = Debug|Any CPU
		{CD591E15-E42C-42AB-A7F0-17BAA5FFAC09}.Default|Any CPU.ActiveCfg = Debug|Any CPU
		{CD591E15-E42C-42AB-A7F0-17BAA5FFAC09}.Default|Any CPU.Build.0 = Debug|Any CPU
		{CD591E15-E42C-42AB-A7F0-17BAA5FFAC09}.Release|Any CPU.ActiveCfg = Release|Any CPU
		{CD591E15-E42C-42AB-A7F0-17BAA5FFAC09}.Release|Any CPU.Build.0 = Release|Any CPU
		{336D6925-95C3-4492-9CE6-8532ACDBEAA1}.Debug|Any CPU.ActiveCfg = Debug|Any CPU
		{336D6925-95C3-4492-9CE6-8532ACDBEAA1}.Debug|Any CPU.Build.0 = Debug|Any CPU
		{336D6925-95C3-4492-9CE6-8532ACDBEAA1}.Default|Any CPU.ActiveCfg = Debug|Any CPU
		{336D6925-95C3-4492-9CE6-8532ACDBEAA1}.Default|Any CPU.Build.0 = Debug|Any CPU
		{336D6925-95C3-4492-9CE6-8532ACDBEAA1}.Release|Any CPU.ActiveCfg = Release|Any CPU
		{336D6925-95C3-4492-9CE6-8532ACDBEAA1}.Release|Any CPU.Build.0 = Release|Any CPU
		{514FA33E-91FD-42C3-9F78-8406CFD62D33}.Debug|Any CPU.ActiveCfg = Debug|Any CPU
		{514FA33E-91FD-42C3-9F78-8406CFD62D33}.Debug|Any CPU.Build.0 = Debug|Any CPU
		{514FA33E-91FD-42C3-9F78-8406CFD62D33}.Default|Any CPU.ActiveCfg = Debug|Any CPU
		{514FA33E-91FD-42C3-9F78-8406CFD62D33}.Default|Any CPU.Build.0 = Debug|Any CPU
		{514FA33E-91FD-42C3-9F78-8406CFD62D33}.Release|Any CPU.ActiveCfg = Release|Any CPU
		{514FA33E-91FD-42C3-9F78-8406CFD62D33}.Release|Any CPU.Build.0 = Release|Any CPU
		{530C7202-253C-40B7-8215-08A5690B7235}.Debug|Any CPU.ActiveCfg = Debug|Any CPU
		{530C7202-253C-40B7-8215-08A5690B7235}.Debug|Any CPU.Build.0 = Debug|Any CPU
		{530C7202-253C-40B7-8215-08A5690B7235}.Default|Any CPU.ActiveCfg = Debug|Any CPU
		{530C7202-253C-40B7-8215-08A5690B7235}.Default|Any CPU.Build.0 = Debug|Any CPU
		{530C7202-253C-40B7-8215-08A5690B7235}.Release|Any CPU.ActiveCfg = Release|Any CPU
		{530C7202-253C-40B7-8215-08A5690B7235}.Release|Any CPU.Build.0 = Release|Any CPU
		{B2391EAF-01FA-42CD-8CFE-CF10220BBC82}.Debug|Any CPU.ActiveCfg = Debug|Any CPU
		{B2391EAF-01FA-42CD-8CFE-CF10220BBC82}.Debug|Any CPU.Build.0 = Debug|Any CPU
		{B2391EAF-01FA-42CD-8CFE-CF10220BBC82}.Default|Any CPU.ActiveCfg = Debug|Any CPU
		{B2391EAF-01FA-42CD-8CFE-CF10220BBC82}.Default|Any CPU.Build.0 = Debug|Any CPU
		{B2391EAF-01FA-42CD-8CFE-CF10220BBC82}.Release|Any CPU.ActiveCfg = Release|Any CPU
		{B2391EAF-01FA-42CD-8CFE-CF10220BBC82}.Release|Any CPU.Build.0 = Release|Any CPU
	EndGlobalSection
	GlobalSection(SolutionProperties) = preSolution
		HideSolutionNode = FALSE
	EndGlobalSection
	GlobalSection(NestedProjects) = preSolution
		{78633F80-226C-4158-BCEC-77BE5D555252} = {D573965B-90EF-44F3-BC47-12CFE5919785}
		{F4560256-28D9-41EC-BA84-F8AF2EA682DE} = {41648DB0-1BA1-4A14-AB7C-D65791F0B321}
		{032E3449-46E4-48B3-8711-3269B2198809} = {41648DB0-1BA1-4A14-AB7C-D65791F0B321}
		{5C68BBCF-53A5-4F8B-A459-D8484C91E20E} = {41648DB0-1BA1-4A14-AB7C-D65791F0B321}
		{13964CC4-C9D4-49D2-B20B-0A0BD0C7CF94} = {41648DB0-1BA1-4A14-AB7C-D65791F0B321}
		{06F63B3F-7522-410C-A9D1-069F6749CD3B} = {D573965B-90EF-44F3-BC47-12CFE5919785}
		{E4FDE941-EB8B-43C7-8303-7EE863797538} = {41648DB0-1BA1-4A14-AB7C-D65791F0B321}
		{6172F550-E384-49EE-858C-8CCDD568F2D1} = {F0884279-EC88-4765-9966-9716759003BC}
		{3EF4CE57-B4B3-475A-8561-F663DD230227} = {41648DB0-1BA1-4A14-AB7C-D65791F0B321}
		{B3A646D9-E1D9-45B6-9A25-E7C06E50E8E6} = {F0884279-EC88-4765-9966-9716759003BC}
		{1F87A206-B1B8-464C-903B-6E6897B95749} = {F0884279-EC88-4765-9966-9716759003BC}
		{C9EC2992-6AC6-4AA2-8828-87E085808652} = {F0884279-EC88-4765-9966-9716759003BC}
		{CD591E15-E42C-42AB-A7F0-17BAA5FFAC09} = {F0884279-EC88-4765-9966-9716759003BC}
		{336D6925-95C3-4492-9CE6-8532ACDBEAA1} = {F0884279-EC88-4765-9966-9716759003BC}
		{514FA33E-91FD-42C3-9F78-8406CFD62D33} = {F0884279-EC88-4765-9966-9716759003BC}
		{530C7202-253C-40B7-8215-08A5690B7235} = {F0884279-EC88-4765-9966-9716759003BC}
		{B2391EAF-01FA-42CD-8CFE-CF10220BBC82} = {41648DB0-1BA1-4A14-AB7C-D65791F0B321}
	EndGlobalSection
	GlobalSection(ExtensibilityGlobals) = postSolution
		SolutionGuid = {98BBFB05-EF96-430F-A93F-EA20210AC693}
	EndGlobalSection
EndGlobal
